{
  "requires": true,
  "lockfileVersion": 1,
  "dependencies": {
    "botbuilder": {
      "version": "4.0.0-m1.10",
      "resolved": "https://registry.npmjs.org/botbuilder/-/botbuilder-4.0.0-m1.10.tgz",
      "integrity": "sha512-9unbaSAIRVBMwozFSwWe8muymyUiuXK2vh3lj3+EZ6jaGmDTqi6aWvRKQvZMft74xnnXObp/rAGDqvHWWnBN+w==",
      "requires": {
        "assert": "1.4.1",
        "botframework-schema": "4.0.0-m1.10"
      },
      "dependencies": {
        "assert": {
          "version": "1.4.1",
          "resolved": "https://registry.npmjs.org/assert/-/assert-1.4.1.tgz",
          "integrity": "sha1-mZEtWRg2tab1s0XA8H7vwI/GXZE=",
          "requires": {
            "util": "0.10.3"
          }
        },
        "botframework-schema": {
          "version": "4.0.0-m1.10",
          "resolved": "https://registry.npmjs.org/botframework-schema/-/botframework-schema-4.0.0-m1.10.tgz",
          "integrity": "sha512-nKDmTfFzH2JXcVI8tytrxJ72zVPSRzTZ8rv7hccMBxGC1dDuxDJdXVf5b191inJtVu1Xnyln9Lp+6ynzd30RDA=="
        },
        "inherits": {
          "version": "2.0.1",
          "resolved": "https://registry.npmjs.org/inherits/-/inherits-2.0.1.tgz",
          "integrity": "sha1-sX0I0ya0Qj5Wjv9xn5GwscvfafE="
        },
        "util": {
          "version": "0.10.3",
          "resolved": "https://registry.npmjs.org/util/-/util-0.10.3.tgz",
          "integrity": "sha1-evsa/lCAUkZInj23/g7TeTNqwPk=",
          "requires": {
            "inherits": "2.0.1"
          }
        }
      }
    }
  }
}
